// !$*UTF8*$!
{
	archiveVersion = 1;
	classes = {
	};
	objectVersion = 55;
	objects = {

/* Begin PBXBuildFile section */
		0ADEB77427E0DF61003DFBBA /* AppDelegate.m in Sources */ = {isa = PBXBuildFile; fileRef = 0ADEB77327E0DF61003DFBBA /* AppDelegate.m */; };
		0ADEB77727E0DF61003DFBBA /* SceneDelegate.m in Sources */ = {isa = PBXBuildFile; fileRef = 0ADEB77627E0DF61003DFBBA /* SceneDelegate.m */; };
		0ADEB77A27E0DF61003DFBBA /* ViewController.m in Sources */ = {isa = PBXBuildFile; fileRef = 0ADEB77927E0DF61003DFBBA /* ViewController.m */; };
		0ADEB77D27E0DF61003DFBBA /* Main.storyboard in Resources */ = {isa = PBXBuildFile; fileRef = 0ADEB77B27E0DF61003DFBBA /* Main.storyboard */; };
		0ADEB77F27E0DF64003DFBBA /* Assets.xcassets in Resources */ = {isa = PBXBuildFile; fileRef = 0ADEB77E27E0DF64003DFBBA /* Assets.xcassets */; };
		0ADEB78227E0DF64003DFBBA /* LaunchScreen.storyboard in Resources */ = {isa = PBXBuildFile; fileRef = 0ADEB78027E0DF64003DFBBA /* LaunchScreen.storyboard */; };
		0ADEB78527E0DF64003DFBBA /* main.m in Sources */ = {isa = PBXBuildFile; fileRef = 0ADEB78427E0DF64003DFBBA /* main.m */; };
		0ADEB79B27E0E29E003DFBBA /* FDAsync2Sync.m in Sources */ = {isa = PBXBuildFile; fileRef = 0ADEB78E27E0E29E003DFBBA /* FDAsync2Sync.m */; };
		0ADEB79C27E0E29E003DFBBA /* MXANRMonitorRunLoopRecorder.m in Sources */ = {isa = PBXBuildFile; fileRef = 0ADEB79127E0E29E003DFBBA /* MXANRMonitorRunLoopRecorder.m */; };
		0ADEB79D27E0E29E003DFBBA /* MXANRMonitorRecorder.m in Sources */ = {isa = PBXBuildFile; fileRef = 0ADEB79227E0E29E003DFBBA /* MXANRMonitorRecorder.m */; };
		0ADEB79E27E0E29E003DFBBA /* MXANRMonitorThreadRecorder.m in Sources */ = {isa = PBXBuildFile; fileRef = 0ADEB79327E0E29E003DFBBA /* MXANRMonitorThreadRecorder.m */; };
		0ADEB79F27E0E29E003DFBBA /* MXANRMonitor.m in Sources */ = {isa = PBXBuildFile; fileRef = 0ADEB79427E0E29E003DFBBA /* MXANRMonitor.m */; };
		0ADEB7A027E0E29E003DFBBA /* BSBacktraceLogger.m in Sources */ = {isa = PBXBuildFile; fileRef = 0ADEB79527E0E29E003DFBBA /* BSBacktraceLogger.m */; };
		0ADEB7A327E0E2D0003DFBBA /* MXANRMonitorController.m in Sources */ = {isa = PBXBuildFile; fileRef = 0ADEB7A227E0E2D0003DFBBA /* MXANRMonitorController.m */; };
		0ADEB7A627E0E406003DFBBA /* MXAsync2SyncController.m in Sources */ = {isa = PBXBuildFile; fileRef = 0ADEB7A527E0E406003DFBBA /* MXAsync2SyncController.m */; };
/* End PBXBuildFile section */

/* Begin PBXFileReference section */
		0ADEB76F27E0DF61003DFBBA /* MXOCDemo1.app */ = {isa = PBXFileReference; explicitFileType = wrapper.application; includeInIndex = 0; path = MXOCDemo1.app; sourceTree = BUILT_PRODUCTS_DIR; };
		0ADEB77227E0DF61003DFBBA /* AppDelegate.h */ = {isa = PBXFileReference; lastKnownFileType = sourcecode.c.h; path = AppDelegate.h; sourceTree = "<group>"; };
		0ADEB77327E0DF61003DFBBA /* AppDelegate.m */ = {isa = PBXFileReference; lastKnownFileType = sourcecode.c.objc; path = AppDelegate.m; sourceTree = "<group>"; };
		0ADEB77527E0DF61003DFBBA /* SceneDelegate.h */ = {isa = PBXFileReference; lastKnownFileType = sourcecode.c.h; path = SceneDelegate.h; sourceTree = "<group>"; };
		0ADEB77627E0DF61003DFBBA /* SceneDelegate.m */ = {isa = PBXFileReference; lastKnownFileType = sourcecode.c.objc; path = SceneDelegate.m; sourceTree = "<group>"; };
		0ADEB77827E0DF61003DFBBA /* ViewController.h */ = {isa = PBXFileReference; lastKnownFileType = sourcecode.c.h; path = ViewController.h; sourceTree = "<group>"; };
		0ADEB77927E0DF61003DFBBA /* ViewController.m */ = {isa = PBXFileReference; lastKnownFileType = sourcecode.c.objc; path = ViewController.m; sourceTree = "<group>"; };
		0ADEB77C27E0DF61003DFBBA /* Base */ = {isa = PBXFileReference; lastKnownFileType = file.storyboard; name = Base; path = Base.lproj/Main.storyboard; sourceTree = "<group>"; };
		0ADEB77E27E0DF64003DFBBA /* Assets.xcassets */ = {isa = PBXFileReference; lastKnownFileType = folder.assetcatalog; path = Assets.xcassets; sourceTree = "<group>"; };
		0ADEB78127E0DF64003DFBBA /* Base */ = {isa = PBXFileReference; lastKnownFileType = file.storyboard; name = Base; path = Base.lproj/LaunchScreen.storyboard; sourceTree = "<group>"; };
		0ADEB78327E0DF64003DFBBA /* Info.plist */ = {isa = PBXFileReference; lastKnownFileType = text.plist.xml; path = Info.plist; sourceTree = "<group>"; };
		0ADEB78427E0DF64003DFBBA /* main.m */ = {isa = PBXFileReference; lastKnownFileType = sourcecode.c.objc; path = main.m; sourceTree = "<group>"; };
		0ADEB78D27E0E29E003DFBBA /* FDAsync2Sync.h */ = {isa = PBXFileReference; fileEncoding = 4; lastKnownFileType = sourcecode.c.h; path = FDAsync2Sync.h; sourceTree = "<group>"; };
		0ADEB78E27E0E29E003DFBBA /* FDAsync2Sync.m */ = {isa = PBXFileReference; fileEncoding = 4; lastKnownFileType = sourcecode.c.objc; path = FDAsync2Sync.m; sourceTree = "<group>"; };
		0ADEB79027E0E29E003DFBBA /* BSBacktraceLogger.h */ = {isa = PBXFileReference; fileEncoding = 4; lastKnownFileType = sourcecode.c.h; path = BSBacktraceLogger.h; sourceTree = "<group>"; };
		0ADEB79127E0E29E003DFBBA /* MXANRMonitorRunLoopRecorder.m */ = {isa = PBXFileReference; fileEncoding = 4; lastKnownFileType = sourcecode.c.objc; path = MXANRMonitorRunLoopRecorder.m; sourceTree = "<group>"; };
		0ADEB79227E0E29E003DFBBA /* MXANRMonitorRecorder.m */ = {isa = PBXFileReference; fileEncoding = 4; lastKnownFileType = sourcecode.c.objc; path = MXANRMonitorRecorder.m; sourceTree = "<group>"; };
		0ADEB79327E0E29E003DFBBA /* MXANRMonitorThreadRecorder.m */ = {isa = PBXFileReference; fileEncoding = 4; lastKnownFileType = sourcecode.c.objc; path = MXANRMonitorThreadRecorder.m; sourceTree = "<group>"; };
		0ADEB79427E0E29E003DFBBA /* MXANRMonitor.m */ = {isa = PBXFileReference; fileEncoding = 4; lastKnownFileType = sourcecode.c.objc; path = MXANRMonitor.m; sourceTree = "<group>"; };
		0ADEB79527E0E29E003DFBBA /* BSBacktraceLogger.m */ = {isa = PBXFileReference; fileEncoding = 4; lastKnownFileType = sourcecode.c.objc; path = BSBacktraceLogger.m; sourceTree = "<group>"; };
		0ADEB79627E0E29E003DFBBA /* MXANRMonitorRunLoopRecorder.h */ = {isa = PBXFileReference; fileEncoding = 4; lastKnownFileType = sourcecode.c.h; path = MXANRMonitorRunLoopRecorder.h; sourceTree = "<group>"; };
		0ADEB79727E0E29E003DFBBA /* MXANRMonitorRecorder.h */ = {isa = PBXFileReference; fileEncoding = 4; lastKnownFileType = sourcecode.c.h; path = MXANRMonitorRecorder.h; sourceTree = "<group>"; };
		0ADEB79827E0E29E003DFBBA /* MXANRMonitorThreadRecorder.h */ = {isa = PBXFileReference; fileEncoding = 4; lastKnownFileType = sourcecode.c.h; path = MXANRMonitorThreadRecorder.h; sourceTree = "<group>"; };
		0ADEB79927E0E29E003DFBBA /* MXANRMonitor.h */ = {isa = PBXFileReference; fileEncoding = 4; lastKnownFileType = sourcecode.c.h; path = MXANRMonitor.h; sourceTree = "<group>"; };
		0ADEB79A27E0E29E003DFBBA /* MXANRMonitorRecorderInterface.h */ = {isa = PBXFileReference; fileEncoding = 4; lastKnownFileType = sourcecode.c.h; path = MXANRMonitorRecorderInterface.h; sourceTree = "<group>"; };
		0ADEB7A127E0E2D0003DFBBA /* MXANRMonitorController.h */ = {isa = PBXFileReference; lastKnownFileType = sourcecode.c.h; path = MXANRMonitorController.h; sourceTree = "<group>"; };
		0ADEB7A227E0E2D0003DFBBA /* MXANRMonitorController.m */ = {isa = PBXFileReference; lastKnownFileType = sourcecode.c.objc; path = MXANRMonitorController.m; sourceTree = "<group>"; };
		0ADEB7A427E0E406003DFBBA /* MXAsync2SyncController.h */ = {isa = PBXFileReference; lastKnownFileType = sourcecode.c.h; path = MXAsync2SyncController.h; sourceTree = "<group>"; };
		0ADEB7A527E0E406003DFBBA /* MXAsync2SyncController.m */ = {isa = PBXFileReference; lastKnownFileType = sourcecode.c.objc; path = MXAsync2SyncController.m; sourceTree = "<group>"; };
/* End PBXFileReference section */

/* Begin PBXFrameworksBuildPhase section */
		0ADEB76C27E0DF61003DFBBA /* Frameworks */ = {
			isa = PBXFrameworksBuildPhase;
			buildActionMask = 2147483647;
			files = (
			);
			runOnlyForDeploymentPostprocessing = 0;
		};
/* End PBXFrameworksBuildPhase section */

/* Begin PBXGroup section */
		0ADEB76627E0DF61003DFBBA = {
			isa = PBXGroup;
			children = (
				0ADEB77127E0DF61003DFBBA /* MXOCDemo1 */,
				0ADEB77027E0DF61003DFBBA /* Products */,
			);
			sourceTree = "<group>";
		};
		0ADEB77027E0DF61003DFBBA /* Products */ = {
			isa = PBXGroup;
			children = (
				0ADEB76F27E0DF61003DFBBA /* MXOCDemo1.app */,
			);
			name = Products;
			sourceTree = "<group>";
		};
		0ADEB77127E0DF61003DFBBA /* MXOCDemo1 */ = {
			isa = PBXGroup;
			children = (
				0ADEB78B27E0E29E003DFBBA /* note */,
				0ADEB77227E0DF61003DFBBA /* AppDelegate.h */,
				0ADEB77327E0DF61003DFBBA /* AppDelegate.m */,
				0ADEB77527E0DF61003DFBBA /* SceneDelegate.h */,
				0ADEB77627E0DF61003DFBBA /* SceneDelegate.m */,
				0ADEB77827E0DF61003DFBBA /* ViewController.h */,
				0ADEB77927E0DF61003DFBBA /* ViewController.m */,
				0ADEB77B27E0DF61003DFBBA /* Main.storyboard */,
				0ADEB77E27E0DF64003DFBBA /* Assets.xcassets */,
				0ADEB78027E0DF64003DFBBA /* LaunchScreen.storyboard */,
				0ADEB78327E0DF64003DFBBA /* Info.plist */,
				0ADEB78427E0DF64003DFBBA /* main.m */,
			);
			path = MXOCDemo1;
			sourceTree = "<group>";
		};
		0ADEB78B27E0E29E003DFBBA /* note */ = {
			isa = PBXGroup;
			children = (
				0ADEB78C27E0E29E003DFBBA /* AsyncToSync */,
				0ADEB78F27E0E29E003DFBBA /* MXANRMonitor */,
			);
			path = note;
			sourceTree = "<group>";
		};
		0ADEB78C27E0E29E003DFBBA /* AsyncToSync */ = {
			isa = PBXGroup;
			children = (
				0ADEB78D27E0E29E003DFBBA /* FDAsync2Sync.h */,
				0ADEB78E27E0E29E003DFBBA /* FDAsync2Sync.m */,
				0ADEB7A427E0E406003DFBBA /* MXAsync2SyncController.h */,
				0ADEB7A527E0E406003DFBBA /* MXAsync2SyncController.m */,
			);
			path = AsyncToSync;
			sourceTree = "<group>";
		};
		0ADEB78F27E0E29E003DFBBA /* MXANRMonitor */ = {
			isa = PBXGroup;
			children = (
				0ADEB79027E0E29E003DFBBA /* BSBacktraceLogger.h */,
				0ADEB79527E0E29E003DFBBA /* BSBacktraceLogger.m */,
				0ADEB79927E0E29E003DFBBA /* MXANRMonitor.h */,
				0ADEB79427E0E29E003DFBBA /* MXANRMonitor.m */,
				0ADEB79727E0E29E003DFBBA /* MXANRMonitorRecorder.h */,
				0ADEB79227E0E29E003DFBBA /* MXANRMonitorRecorder.m */,
				0ADEB79A27E0E29E003DFBBA /* MXANRMonitorRecorderInterface.h */,
				0ADEB79627E0E29E003DFBBA /* MXANRMonitorRunLoopRecorder.h */,
				0ADEB79127E0E29E003DFBBA /* MXANRMonitorRunLoopRecorder.m */,
				0ADEB79827E0E29E003DFBBA /* MXANRMonitorThreadRecorder.h */,
				0ADEB79327E0E29E003DFBBA /* MXANRMonitorThreadRecorder.m */,
				0ADEB7A127E0E2D0003DFBBA /* MXANRMonitorController.h */,
				0ADEB7A227E0E2D0003DFBBA /* MXANRMonitorController.m */,
			);
			path = MXANRMonitor;
			sourceTree = "<group>";
		};
/* End PBXGroup section */

/* Begin PBXNativeTarget section */
		0ADEB76E27E0DF61003DFBBA /* MXOCDemo1 */ = {
			isa = PBXNativeTarget;
			buildConfigurationList = 0ADEB78827E0DF64003DFBBA /* Build configuration list for PBXNativeTarget "MXOCDemo1" */;
			buildPhases = (
				0ADEB76B27E0DF61003DFBBA /* Sources */,
				0ADEB76C27E0DF61003DFBBA /* Frameworks */,
				0ADEB76D27E0DF61003DFBBA /* Resources */,
			);
			buildRules = (
			);
			dependencies = (
			);
			name = MXOCDemo1;
			productName = MXOCDemo1;
			productReference = 0ADEB76F27E0DF61003DFBBA /* MXOCDemo1.app */;
			productType = "com.apple.product-type.application";
		};
/* End PBXNativeTarget section */

/* Begin PBXProject section */
		0ADEB76727E0DF61003DFBBA /* Project object */ = {
			isa = PBXProject;
			attributes = {
				BuildIndependentTargetsInParallel = 1;
				LastUpgradeCheck = 1320;
				TargetAttributes = {
					0ADEB76E27E0DF61003DFBBA = {
						CreatedOnToolsVersion = 13.2.1;
					};
				};
			};
			buildConfigurationList = 0ADEB76A27E0DF61003DFBBA /* Build configuration list for PBXProject "MXOCDemo1" */;
			compatibilityVersion = "Xcode 13.0";
			developmentRegion = en;
			hasScannedForEncodings = 0;
			knownRegions = (
				en,
				Base,
			);
			mainGroup = 0ADEB76627E0DF61003DFBBA;
			productRefGroup = 0ADEB77027E0DF61003DFBBA /* Products */;
			projectDirPath = "";
			projectRoot = "";
			targets = (
				0ADEB76E27E0DF61003DFBBA /* MXOCDemo1 */,
			);
		};
/* End PBXProject section */

/* Begin PBXResourcesBuildPhase section */
		0ADEB76D27E0DF61003DFBBA /* Resources */ = {
			isa = PBXResourcesBuildPhase;
			buildActionMask = 2147483647;
			files = (
				0ADEB78227E0DF64003DFBBA /* LaunchScreen.storyboard in Resources */,
				0ADEB77F27E0DF64003DFBBA /* Assets.xcassets in Resources */,
				0ADEB77D27E0DF61003DFBBA /* Main.storyboard in Resources */,
			);
			runOnlyForDeploymentPostprocessing = 0;
		};
/* End PBXResourcesBuildPhase section */

/* Begin PBXSourcesBuildPhase section */
		0ADEB76B27E0DF61003DFBBA /* Sources */ = {
			isa = PBXSourcesBuildPhase;
			buildActionMask = 2147483647;
			files = (
				0ADEB77A27E0DF61003DFBBA /* ViewController.m in Sources */,
				0ADEB79D27E0E29E003DFBBA /* MXANRMonitorRecorder.m in Sources */,
				0ADEB77427E0DF61003DFBBA /* AppDelegate.m in Sources */,
				0ADEB79E27E0E29E003DFBBA /* MXANRMonitorThreadRecorder.m in Sources */,
				0ADEB78527E0DF64003DFBBA /* main.m in Sources */,
				0ADEB79B27E0E29E003DFBBA /* FDAsync2Sync.m in Sources */,
				0ADEB77727E0DF61003DFBBA /* SceneDelegate.m in Sources */,
				0ADEB7A327E0E2D0003DFBBA /* MXANRMonitorController.m in Sources */,
				0ADEB79C27E0E29E003DFBBA /* MXANRMonitorRunLoopRecorder.m in Sources */,
				0ADEB7A627E0E406003DFBBA /* MXAsync2SyncController.m in Sources */,
				0ADEB79F27E0E29E003DFBBA /* MXANRMonitor.m in Sources */,
				0ADEB7A027E0E29E003DFBBA /* BSBacktraceLogger.m in Sources */,
			);
			runOnlyForDeploymentPostprocessing = 0;
		};
/* End PBXSourcesBuildPhase section */

/* Begin PBXVariantGroup section */
		0ADEB77B27E0DF61003DFBBA /* Main.storyboard */ = {
			isa = PBXVariantGroup;
			children = (
				0ADEB77C27E0DF61003DFBBA /* Base */,
			);
			name = Main.storyboard;
			sourceTree = "<group>";
		};
		0ADEB78027E0DF64003DFBBA /* LaunchScreen.storyboard */ = {
			isa = PBXVariantGroup;
			children = (
				0ADEB78127E0DF64003DFBBA /* Base */,
			);
			name = LaunchScreen.storyboard;
			sourceTree = "<group>";
		};
/* End PBXVariantGroup section */

/* Begin XCBuildConfiguration section */
		0ADEB78627E0DF64003DFBBA /* Debug */ = {
			isa = XCBuildConfiguration;
			buildSettings = {
				ALWAYS_SEARCH_USER_PATHS = NO;
				CLANG_ANALYZER_NONNULL = YES;
				CLANG_ANALYZER_NUMBER_OBJECT_CONVERSION = YES_AGGRESSIVE;
				CLANG_CXX_LANGUAGE_STANDARD = "gnu++17";
				CLANG_CXX_LIBRARY = "libc++";
				CLANG_ENABLE_MODULES = YES;
				CLANG_ENABLE_OBJC_ARC = YES;
				CLANG_ENABLE_OBJC_WEAK = YES;
				CLANG_WARN_BLOCK_CAPTURE_AUTORELEASING = YES;
				CLANG_WARN_BOOL_CONVERSION = YES;
				CLANG_WARN_COMMA = YES;
				CLANG_WARN_CONSTANT_CONVERSION = YES;
				CLANG_WARN_DEPRECATED_OBJC_IMPLEMENTATIONS = YES;
				CLANG_WARN_DIRECT_OBJC_ISA_USAGE = YES_ERROR;
				CLANG_WARN_DOCUMENTATION_COMMENTS = YES;
				CLANG_WARN_EMPTY_BODY = YES;
				CLANG_WARN_ENUM_CONVERSION = YES;
				CLANG_WARN_INFINITE_RECURSION = YES;
				CLANG_WARN_INT_CONVERSION = YES;
				CLANG_WARN_NON_LITERAL_NULL_CONVERSION = YES;
				CLANG_WARN_OBJC_IMPLICIT_RETAIN_SELF = YES;
				CLANG_WARN_OBJC_LITERAL_CONVERSION = YES;
				CLANG_WARN_OBJC_ROOT_CLASS = YES_ERROR;
				CLANG_WARN_QUOTED_INCLUDE_IN_FRAMEWORK_HEADER = YES;
				CLANG_WARN_RANGE_LOOP_ANALYSIS = YES;
				CLANG_WARN_STRICT_PROTOTYPES = YES;
				CLANG_WARN_SUSPICIOUS_MOVE = YES;
				CLANG_WARN_UNGUARDED_AVAILABILITY = YES_AGGRESSIVE;
				CLANG_WARN_UNREACHABLE_CODE = YES;
				CLANG_WARN__DUPLICATE_METHOD_MATCH = YES;
				COPY_PHASE_STRIP = NO;
				DEBUG_INFORMATION_FORMAT = dwarf;
				ENABLE_STRICT_OBJC_MSGSEND = YES;
				ENABLE_TESTABILITY = YES;
				GCC_C_LANGUAGE_STANDARD = gnu11;
				GCC_DYNAMIC_NO_PIC = NO;
				GCC_NO_COMMON_BLOCKS = YES;
				GCC_OPTIMIZATION_LEVEL = 0;
				GCC_PREPROCESSOR_DEFINITIONS = (
					"DEBUG=1",
					"$(inherited)",
				);
				GCC_WARN_64_TO_32_BIT_CONVERSION = YES;
				GCC_WARN_ABOUT_RETURN_TYPE = YES_ERROR;
				GCC_WARN_UNDECLARED_SELECTOR = YES;
				GCC_WARN_UNINITIALIZED_AUTOS = YES_AGGRESSIVE;
				GCC_WARN_UNUSED_FUNCTION = YES;
				GCC_WARN_UNUSED_VARIABLE = YES;
				IPHONEOS_DEPLOYMENT_TARGET = 15.2;
				MTL_ENABLE_DEBUG_INFO = INCLUDE_SOURCE;
				MTL_FAST_MATH = YES;
				ONLY_ACTIVE_ARCH = YES;
				SDKROOT = iphoneos;
			};
			name = Debug;
		};
		0ADEB78727E0DF64003DFBBA /* Release */ = {
			isa = XCBuildConfiguration;
			buildSettings = {
				ALWAYS_SEARCH_USER_PATHS = NO;
				CLANG_ANALYZER_NONNULL = YES;
				CLANG_ANALYZER_NUMBER_OBJECT_CONVERSION = YES_AGGRESSIVE;
				CLANG_CXX_LANGUAGE_STANDARD = "gnu++17";
				CLANG_CXX_LIBRARY = "libc++";
				CLANG_ENABLE_MODULES = YES;
				CLANG_ENABLE_OBJC_ARC = YES;
				CLANG_ENABLE_OBJC_WEAK = YES;
				CLANG_WARN_BLOCK_CAPTURE_AUTORELEASING = YES;
				CLANG_WARN_BOOL_CONVERSION = YES;
				CLANG_WARN_COMMA = YES;
				CLANG_WARN_CONSTANT_CONVERSION = YES;
				CLANG_WARN_DEPRECATED_OBJC_IMPLEMENTATIONS = YES;
				CLANG_WARN_DIRECT_OBJC_ISA_USAGE = YES_ERROR;
				CLANG_WARN_DOCUMENTATION_COMMENTS = YES;
				CLANG_WARN_EMPTY_BODY = YES;
				CLANG_WARN_ENUM_CONVERSION = YES;
				CLANG_WARN_INFINITE_RECURSION = YES;
				CLANG_WARN_INT_CONVERSION = YES;
				CLANG_WARN_NON_LITERAL_NULL_CONVERSION = YES;
				CLANG_WARN_OBJC_IMPLICIT_RETAIN_SELF = YES;
				CLANG_WARN_OBJC_LITERAL_CONVERSION = YES;
				CLANG_WARN_OBJC_ROOT_CLASS = YES_ERROR;
				CLANG_WARN_QUOTED_INCLUDE_IN_FRAMEWORK_HEADER = YES;
				CLANG_WARN_RANGE_LOOP_ANALYSIS = YES;
				CLANG_WARN_STRICT_PROTOTYPES = YES;
				CLANG_WARN_SUSPICIOUS_MOVE = YES;
				CLANG_WARN_UNGUARDED_AVAILABILITY = YES_AGGRESSIVE;
				CLANG_WARN_UNREACHABLE_CODE = YES;
				CLANG_WARN__DUPLICATE_METHOD_MATCH = YES;
				COPY_PHASE_STRIP = NO;
				DEBUG_INFORMATION_FORMAT = "dwarf-with-dsym";
				ENABLE_NS_ASSERTIONS = NO;
				ENABLE_STRICT_OBJC_MSGSEND = YES;
				GCC_C_LANGUAGE_STANDARD = gnu11;
				GCC_NO_COMMON_BLOCKS = YES;
				GCC_WARN_64_TO_32_BIT_CONVERSION = YES;
				GCC_WARN_ABOUT_RETURN_TYPE = YES_ERROR;
				GCC_WARN_UNDECLARED_SELECTOR = YES;
				GCC_WARN_UNINITIALIZED_AUTOS = YES_AGGRESSIVE;
				GCC_WARN_UNUSED_FUNCTION = YES;
				GCC_WARN_UNUSED_VARIABLE = YES;
				IPHONEOS_DEPLOYMENT_TARGET = 15.2;
				MTL_ENABLE_DEBUG_INFO = NO;
				MTL_FAST_MATH = YES;
				SDKROOT = iphoneos;
				VALIDATE_PRODUCT = YES;
			};
			name = Release;
		};
		0ADEB78927E0DF64003DFBBA /* Debug */ = {
			isa = XCBuildConfiguration;
			buildSettings = {
				ASSETCATALOG_COMPILER_APPICON_NAME = AppIcon;
				ASSETCATALOG_COMPILER_GLOBAL_ACCENT_COLOR_NAME = AccentColor;
				CODE_SIGN_STYLE = Automatic;
				CURRENT_PROJECT_VERSION = 1;
				GENERATE_INFOPLIST_FILE = YES;
				INFOPLIST_FILE = MXOCDemo1/Info.plist;
				INFOPLIST_KEY_UIApplicationSupportsIndirectInputEvents = YES;
				INFOPLIST_KEY_UILaunchStoryboardName = LaunchScreen;
				INFOPLIST_KEY_UIMainStoryboardFile = Main;
				INFOPLIST_KEY_UISupportedInterfaceOrientations_iPad = "UIInterfaceOrientationPortrait UIInterfaceOrientationPortraitUpsideDown UIInterfaceOrientationLandscapeLeft UIInterfaceOrientationLandscapeRight";
				INFOPLIST_KEY_UISupportedInterfaceOrientations_iPhone = "UIInterfaceOrientationPortrait UIInterfaceOrientationLandscapeLeft UIInterfaceOrientationLandscapeRight";
				LD_RUNPATH_SEARCH_PATHS = (
					"$(inherited)",
					"@executable_path/Frameworks",
				);
				MARKETING_VERSION = 1.0;
				PRODUCT_BUNDLE_IDENTIFIER = MX.MXOCDemo1;
				PRODUCT_NAME = "$(TARGET_NAME)";
				SWIFT_EMIT_LOC_STRINGS = YES;
				TARGETED_DEVICE_FAMILY = "1,2";
			};
			name = Debug;
		};
		0ADEB78A27E0DF64003DFBBA /* Release */ = {
			isa = XCBuildConfiguration;
			buildSettings = {
				ASSETCATALOG_COMPILER_APPICON_NAME = AppIcon;
				ASSETCATALOG_COMPILER_GLOBAL_ACCENT_COLOR_NAME = AccentColor;
				CODE_SIGN_STYLE = Automatic;
				CURRENT_PROJECT_VERSION = 1;
				GENERATE_INFOPLIST_FILE = YES;
				INFOPLIST_FILE = MXOCDemo1/Info.plist;
				INFOPLIST_KEY_UIApplicationSupportsIndirectInputEvents = YES;
				INFOPLIST_KEY_UILaunchStoryboardName = LaunchScreen;
				INFOPLIST_KEY_UIMainStoryboardFile = Main;
				INFOPLIST_KEY_UISupportedInterfaceOrientations_iPad = "UIInterfaceOrientationPortrait UIInterfaceOrientationPortraitUpsideDown UIInterfaceOrientationLandscapeLeft UIInterfaceOrientationLandscapeRight";
				INFOPLIST_KEY_UISupportedInterfaceOrientations_iPhone = "UIInterfaceOrientationPortrait UIInterfaceOrientationLandscapeLeft UIInterfaceOrientationLandscapeRight";
				LD_RUNPATH_SEARCH_PATHS = (
					"$(inherited)",
					"@executable_path/Frameworks",
				);
				MARKETING_VERSION = 1.0;
				PRODUCT_BUNDLE_IDENTIFIER = MX.MXOCDemo1;
				PRODUCT_NAME = "$(TARGET_NAME)";
				SWIFT_EMIT_LOC_STRINGS = YES;
				TARGETED_DEVICE_FAMILY = "1,2";
			};
			name = Release;
		};
/* End XCBuildConfiguration section */

/* Begin XCConfigurationList section */
		0ADEB76A27E0DF61003DFBBA /* Build configuration list for PBXProject "MXOCDemo1" */ = {
			isa = XCConfigurationList;
			buildConfigurations = (
				0ADEB78627E0DF64003DFBBA /* Debug */,
				0ADEB78727E0DF64003DFBBA /* Release */,
			);
			defaultConfigurationIsVisible = 0;
			defaultConfigurationName = Release;
		};
		0ADEB78827E0DF64003DFBBA /* Build configuration list for PBXNativeTarget "MXOCDemo1" */ = {
			isa = XCConfigurationList;
			buildConfigurations = (
				0ADEB78927E0DF64003DFBBA /* Debug */,
				0ADEB78A27E0DF64003DFBBA /* Release */,
			);
			defaultConfigurationIsVisible = 0;
			defaultConfigurationName = Release;
		};
/* End XCConfigurationList section */
	};
	rootObject = 0ADEB76727E0DF61003DFBBA /* Project object */;
}
